// !$*UTF8*$!
{
	archiveVersion = 1;
	classes = {
	};
	objectVersion = 56;
	objects = {

/* Begin PBXBuildFile section */
		510282FBECCFF3088022AAA4 /* Pods_WorkTimer.framework in Frameworks */ = {isa = PBXBuildFile; fileRef = 5D117DF83B03430E18B0E3DA /* Pods_WorkTimer.framework */; };
		B415D3CA2A06A368009D06D5 /* editWorkingTimeVC.swift in Sources */ = {isa = PBXBuildFile; fileRef = B415D3C92A06A368009D06D5 /* editWorkingTimeVC.swift */; };
		B438D9DA2AE129AE00EB4590 /* TimeCheckTitleView.swift in Sources */ = {isa = PBXBuildFile; fileRef = B438D9D92AE129AE00EB4590 /* TimeCheckTitleView.swift */; };
		B4457BC92A069F4500EE4BB8 /* popUp.storyboard in Resources */ = {isa = PBXBuildFile; fileRef = B4457BC82A069F4500EE4BB8 /* popUp.storyboard */; };
		B450D1DD299D5E7600CDEE82 /* AppDelegate.swift in Sources */ = {isa = PBXBuildFile; fileRef = B450D1DC299D5E7600CDEE82 /* AppDelegate.swift */; };
		B450D1DF299D5E7600CDEE82 /* SceneDelegate.swift in Sources */ = {isa = PBXBuildFile; fileRef = B450D1DE299D5E7600CDEE82 /* SceneDelegate.swift */; };
		B450D1E1299D5E7600CDEE82 /* MainVC.swift in Sources */ = {isa = PBXBuildFile; fileRef = B450D1E0299D5E7600CDEE82 /* MainVC.swift */; };
		B450D1E4299D5E7600CDEE82 /* Main.storyboard in Resources */ = {isa = PBXBuildFile; fileRef = B450D1E2299D5E7600CDEE82 /* Main.storyboard */; };
		B450D1E6299D5E7700CDEE82 /* Assets.xcassets in Resources */ = {isa = PBXBuildFile; fileRef = B450D1E5299D5E7700CDEE82 /* Assets.xcassets */; };
		B450D1E9299D5E7700CDEE82 /* LaunchScreen.storyboard in Resources */ = {isa = PBXBuildFile; fileRef = B450D1E7299D5E7700CDEE82 /* LaunchScreen.storyboard */; };
		B4D7AF94299E694700AC5F3B /* UserDefaultsManager.swift in Sources */ = {isa = PBXBuildFile; fileRef = B4D7AF93299E694700AC5F3B /* UserDefaultsManager.swift */; };
		B4D7AF96299E6A8400AC5F3B /* DateManager.swift in Sources */ = {isa = PBXBuildFile; fileRef = B4D7AF95299E6A8400AC5F3B /* DateManager.swift */; };
		B4D7AF99299E74DA00AC5F3B /* NotificationManager.swift in Sources */ = {isa = PBXBuildFile; fileRef = B4D7AF98299E74DA00AC5F3B /* NotificationManager.swift */; };
		B4D7AF9E29A5D10500AC5F3B /* searchLocationVC.swift in Sources */ = {isa = PBXBuildFile; fileRef = B4D7AF9D29A5D10500AC5F3B /* searchLocationVC.swift */; };
		B4FF0AF82AE129CA001F81DB /* TimeCheckTitleView.xib in Resources */ = {isa = PBXBuildFile; fileRef = B4FF0AF72AE129CA001F81DB /* TimeCheckTitleView.xib */; };
/* End PBXBuildFile section */

/* Begin PBXFileReference section */
		1FB496D1C3B46E754862C1E6 /* Pods-WorkTimer.release.xcconfig */ = {isa = PBXFileReference; includeInIndex = 1; lastKnownFileType = text.xcconfig; name = "Pods-WorkTimer.release.xcconfig"; path = "Target Support Files/Pods-WorkTimer/Pods-WorkTimer.release.xcconfig"; sourceTree = "<group>"; };
		465B756973AD02A44BFD45D5 /* Pods-WorkTimer.debug.xcconfig */ = {isa = PBXFileReference; includeInIndex = 1; lastKnownFileType = text.xcconfig; name = "Pods-WorkTimer.debug.xcconfig"; path = "Target Support Files/Pods-WorkTimer/Pods-WorkTimer.debug.xcconfig"; sourceTree = "<group>"; };
		5D117DF83B03430E18B0E3DA /* Pods_WorkTimer.framework */ = {isa = PBXFileReference; explicitFileType = wrapper.framework; includeInIndex = 0; path = Pods_WorkTimer.framework; sourceTree = BUILT_PRODUCTS_DIR; };
		B415D3C92A06A368009D06D5 /* editWorkingTimeVC.swift */ = {isa = PBXFileReference; lastKnownFileType = sourcecode.swift; path = editWorkingTimeVC.swift; sourceTree = "<group>"; };
		B438D9D92AE129AE00EB4590 /* TimeCheckTitleView.swift */ = {isa = PBXFileReference; lastKnownFileType = sourcecode.swift; path = TimeCheckTitleView.swift; sourceTree = "<group>"; };
		B4457BC82A069F4500EE4BB8 /* popUp.storyboard */ = {isa = PBXFileReference; lastKnownFileType = file.storyboard; path = popUp.storyboard; sourceTree = "<group>"; };
		B450D1D9299D5E7600CDEE82 /* WorkTimer.app */ = {isa = PBXFileReference; explicitFileType = wrapper.application; includeInIndex = 0; path = WorkTimer.app; sourceTree = BUILT_PRODUCTS_DIR; };
		B450D1DC299D5E7600CDEE82 /* AppDelegate.swift */ = {isa = PBXFileReference; lastKnownFileType = sourcecode.swift; path = AppDelegate.swift; sourceTree = "<group>"; };
		B450D1DE299D5E7600CDEE82 /* SceneDelegate.swift */ = {isa = PBXFileReference; lastKnownFileType = sourcecode.swift; path = SceneDelegate.swift; sourceTree = "<group>"; };
		B450D1E0299D5E7600CDEE82 /* MainVC.swift */ = {isa = PBXFileReference; lastKnownFileType = sourcecode.swift; path = MainVC.swift; sourceTree = "<group>"; };
		B450D1E3299D5E7600CDEE82 /* Base */ = {isa = PBXFileReference; lastKnownFileType = file.storyboard; name = Base; path = Base.lproj/Main.storyboard; sourceTree = "<group>"; };
		B450D1E5299D5E7700CDEE82 /* Assets.xcassets */ = {isa = PBXFileReference; lastKnownFileType = folder.assetcatalog; path = Assets.xcassets; sourceTree = "<group>"; };
		B450D1E8299D5E7700CDEE82 /* Base */ = {isa = PBXFileReference; lastKnownFileType = file.storyboard; name = Base; path = Base.lproj/LaunchScreen.storyboard; sourceTree = "<group>"; };
		B450D1EA299D5E7700CDEE82 /* Info.plist */ = {isa = PBXFileReference; lastKnownFileType = text.plist.xml; path = Info.plist; sourceTree = "<group>"; };
		B4D7AF93299E694700AC5F3B /* UserDefaultsManager.swift */ = {isa = PBXFileReference; lastKnownFileType = sourcecode.swift; path = UserDefaultsManager.swift; sourceTree = "<group>"; };
		B4D7AF95299E6A8400AC5F3B /* DateManager.swift */ = {isa = PBXFileReference; lastKnownFileType = sourcecode.swift; path = DateManager.swift; sourceTree = "<group>"; };
		B4D7AF98299E74DA00AC5F3B /* NotificationManager.swift */ = {isa = PBXFileReference; lastKnownFileType = sourcecode.swift; path = NotificationManager.swift; sourceTree = "<group>"; };
		B4D7AF9D29A5D10500AC5F3B /* searchLocationVC.swift */ = {isa = PBXFileReference; lastKnownFileType = sourcecode.swift; path = searchLocationVC.swift; sourceTree = "<group>"; };
		B4FF0AF72AE129CA001F81DB /* TimeCheckTitleView.xib */ = {isa = PBXFileReference; fileEncoding = 4; lastKnownFileType = file.xib; path = TimeCheckTitleView.xib; sourceTree = "<group>"; };
/* End PBXFileReference section */

/* Begin PBXFrameworksBuildPhase section */
		B450D1D6299D5E7600CDEE82 /* Frameworks */ = {
			isa = PBXFrameworksBuildPhase;
			buildActionMask = 2147483647;
			files = (
				510282FBECCFF3088022AAA4 /* Pods_WorkTimer.framework in Frameworks */,
			);
			runOnlyForDeploymentPostprocessing = 0;
		};
/* End PBXFrameworksBuildPhase section */

/* Begin PBXGroup section */
		0E742D244885344557CC4E8E /* Frameworks */ = {
			isa = PBXGroup;
			children = (
				5D117DF83B03430E18B0E3DA /* Pods_WorkTimer.framework */,
			);
			name = Frameworks;
			sourceTree = "<group>";
		};
		AF02750880455556F2A0DDFC /* Pods */ = {
			isa = PBXGroup;
			children = (
				465B756973AD02A44BFD45D5 /* Pods-WorkTimer.debug.xcconfig */,
				1FB496D1C3B46E754862C1E6 /* Pods-WorkTimer.release.xcconfig */,
			);
			path = Pods;
			sourceTree = "<group>";
		};
		B415D3C82A06A33E009D06D5 /* popUp */ = {
			isa = PBXGroup;
			children = (
				B4457BC82A069F4500EE4BB8 /* popUp.storyboard */,
				B415D3C92A06A368009D06D5 /* editWorkingTimeVC.swift */,
			);
			path = popUp;
			sourceTree = "<group>";
		};
		B438D9D62AE127A600EB4590 /* CustomView */ = {
			isa = PBXGroup;
			children = (
				B4FF0AF72AE129CA001F81DB /* TimeCheckTitleView.xib */,
				B438D9D92AE129AE00EB4590 /* TimeCheckTitleView.swift */,
			);
			path = CustomView;
			sourceTree = "<group>";
		};
		B450D1D0299D5E7600CDEE82 = {
			isa = PBXGroup;
			children = (
				B450D1DB299D5E7600CDEE82 /* WorkTimer */,
				B450D1DA299D5E7600CDEE82 /* Products */,
				AF02750880455556F2A0DDFC /* Pods */,
				0E742D244885344557CC4E8E /* Frameworks */,
			);
			sourceTree = "<group>";
		};
		B450D1DA299D5E7600CDEE82 /* Products */ = {
			isa = PBXGroup;
			children = (
				B450D1D9299D5E7600CDEE82 /* WorkTimer.app */,
			);
			name = Products;
			sourceTree = "<group>";
		};
		B450D1DB299D5E7600CDEE82 /* WorkTimer */ = {
			isa = PBXGroup;
			children = (
				B4FF0AF92AE134ED001F81DB /* Extension */,
				B438D9D62AE127A600EB4590 /* CustomView */,
				B415D3C82A06A33E009D06D5 /* popUp */,
				B4D7AF97299E6A8C00AC5F3B /* Util */,
				B450D1DC299D5E7600CDEE82 /* AppDelegate.swift */,
				B450D1DE299D5E7600CDEE82 /* SceneDelegate.swift */,
				B4D7AF9D29A5D10500AC5F3B /* searchLocationVC.swift */,
				B450D1E0299D5E7600CDEE82 /* MainVC.swift */,
				B450D1E2299D5E7600CDEE82 /* Main.storyboard */,
				B450D1E5299D5E7700CDEE82 /* Assets.xcassets */,
				B450D1E7299D5E7700CDEE82 /* LaunchScreen.storyboard */,
				B450D1EA299D5E7700CDEE82 /* Info.plist */,
			);
			path = WorkTimer;
			sourceTree = "<group>";
		};
		B4D7AF97299E6A8C00AC5F3B /* Util */ = {
			isa = PBXGroup;
			children = (
				B4D7AF93299E694700AC5F3B /* UserDefaultsManager.swift */,
				B4D7AF95299E6A8400AC5F3B /* DateManager.swift */,
				B4D7AF98299E74DA00AC5F3B /* NotificationManager.swift */,
			);
			path = Util;
			sourceTree = "<group>";
		};
		B4FF0AF92AE134ED001F81DB /* Extension */ = {
			isa = PBXGroup;
			children = (
			);
			path = Extension;
			sourceTree = "<group>";
		};
/* End PBXGroup section */

/* Begin PBXNativeTarget section */
		B450D1D8299D5E7600CDEE82 /* WorkTimer */ = {
			isa = PBXNativeTarget;
			buildConfigurationList = B450D1ED299D5E7700CDEE82 /* Build configuration list for PBXNativeTarget "WorkTimer" */;
			buildPhases = (
				E4EC628260C08B395011C65C /* [CP] Check Pods Manifest.lock */,
				B450D1D5299D5E7600CDEE82 /* Sources */,
				B450D1D6299D5E7600CDEE82 /* Frameworks */,
				B450D1D7299D5E7600CDEE82 /* Resources */,
				F4545B9C53C2FF09053220AC /* [CP] Copy Pods Resources */,
			);
			buildRules = (
			);
			dependencies = (
			);
			name = WorkTimer;
			productName = WorkTimer;
			productReference = B450D1D9299D5E7600CDEE82 /* WorkTimer.app */;
			productType = "com.apple.product-type.application";
		};
/* End PBXNativeTarget section */

/* Begin PBXProject section */
		B450D1D1299D5E7600CDEE82 /* Project object */ = {
			isa = PBXProject;
			attributes = {
				BuildIndependentTargetsInParallel = 1;
				LastSwiftUpdateCheck = 1420;
				LastUpgradeCheck = 1420;
				TargetAttributes = {
					B450D1D8299D5E7600CDEE82 = {
						CreatedOnToolsVersion = 14.2;
					};
				};
			};
			buildConfigurationList = B450D1D4299D5E7600CDEE82 /* Build configuration list for PBXProject "WorkTimer" */;
			compatibilityVersion = "Xcode 14.0";
			developmentRegion = en;
			hasScannedForEncodings = 0;
			knownRegions = (
				en,
				Base,
			);
			mainGroup = B450D1D0299D5E7600CDEE82;
			productRefGroup = B450D1DA299D5E7600CDEE82 /* Products */;
			projectDirPath = "";
			projectRoot = "";
			targets = (
				B450D1D8299D5E7600CDEE82 /* WorkTimer */,
			);
		};
/* End PBXProject section */

/* Begin PBXResourcesBuildPhase section */
		B450D1D7299D5E7600CDEE82 /* Resources */ = {
			isa = PBXResourcesBuildPhase;
			buildActionMask = 2147483647;
			files = (
				B450D1E9299D5E7700CDEE82 /* LaunchScreen.storyboard in Resources */,
				B450D1E6299D5E7700CDEE82 /* Assets.xcassets in Resources */,
				B450D1E4299D5E7600CDEE82 /* Main.storyboard in Resources */,
				B4FF0AF82AE129CA001F81DB /* TimeCheckTitleView.xib in Resources */,
				B4457BC92A069F4500EE4BB8 /* popUp.storyboard in Resources */,
			);
			runOnlyForDeploymentPostprocessing = 0;
		};
/* End PBXResourcesBuildPhase section */

/* Begin PBXShellScriptBuildPhase section */
		E4EC628260C08B395011C65C /* [CP] Check Pods Manifest.lock */ = {
			isa = PBXShellScriptBuildPhase;
			buildActionMask = 2147483647;
			files = (
			);
			inputFileListPaths = (
			);
			inputPaths = (
				"${PODS_PODFILE_DIR_PATH}/Podfile.lock",
				"${PODS_ROOT}/Manifest.lock",
			);
			name = "[CP] Check Pods Manifest.lock";
			outputFileListPaths = (
			);
			outputPaths = (
				"$(DERIVED_FILE_DIR)/Pods-WorkTimer-checkManifestLockResult.txt",
			);
			runOnlyForDeploymentPostprocessing = 0;
			shellPath = /bin/sh;
			shellScript = "diff \"${PODS_PODFILE_DIR_PATH}/Podfile.lock\" \"${PODS_ROOT}/Manifest.lock\" > /dev/null\nif [ $? != 0 ] ; then\n    # print error to STDERR\n    echo \"error: The sandbox is not in sync with the Podfile.lock. Run 'pod install' or update your CocoaPods installation.\" >&2\n    exit 1\nfi\n# This output is used by Xcode 'outputs' to avoid re-running this script phase.\necho \"SUCCESS\" > \"${SCRIPT_OUTPUT_FILE_0}\"\n";
			showEnvVarsInLog = 0;
		};
		F4545B9C53C2FF09053220AC /* [CP] Copy Pods Resources */ = {
			isa = PBXShellScriptBuildPhase;
			buildActionMask = 2147483647;
			files = (
			);
			inputFileListPaths = (
				"${PODS_ROOT}/Target Support Files/Pods-WorkTimer/Pods-WorkTimer-resources-${CONFIGURATION}-input-files.xcfilelist",
			);
			name = "[CP] Copy Pods Resources";
			outputFileListPaths = (
				"${PODS_ROOT}/Target Support Files/Pods-WorkTimer/Pods-WorkTimer-resources-${CONFIGURATION}-output-files.xcfilelist",
			);
			runOnlyForDeploymentPostprocessing = 0;
			shellPath = /bin/sh;
			shellScript = "\"${PODS_ROOT}/Target Support Files/Pods-WorkTimer/Pods-WorkTimer-resources.sh\"\n";
			showEnvVarsInLog = 0;
		};
/* End PBXShellScriptBuildPhase section */

/* Begin PBXSourcesBuildPhase section */
		B450D1D5299D5E7600CDEE82 /* Sources */ = {
			isa = PBXSourcesBuildPhase;
			buildActionMask = 2147483647;
			files = (
				B4D7AF99299E74DA00AC5F3B /* NotificationManager.swift in Sources */,
				B415D3CA2A06A368009D06D5 /* editWorkingTimeVC.swift in Sources */,
				B4D7AF94299E694700AC5F3B /* UserDefaultsManager.swift in Sources */,
				B4D7AF96299E6A8400AC5F3B /* DateManager.swift in Sources */,
				B450D1E1299D5E7600CDEE82 /* MainVC.swift in Sources */,
				B4D7AF9E29A5D10500AC5F3B /* searchLocationVC.swift in Sources */,
				B438D9DA2AE129AE00EB4590 /* TimeCheckTitleView.swift in Sources */,
				B450D1DD299D5E7600CDEE82 /* AppDelegate.swift in Sources */,
				B450D1DF299D5E7600CDEE82 /* SceneDelegate.swift in Sources */,
			);
			runOnlyForDeploymentPostprocessing = 0;
		};
/* End PBXSourcesBuildPhase section */

/* Begin PBXVariantGroup section */
		B450D1E2299D5E7600CDEE82 /* Main.storyboard */ = {
			isa = PBXVariantGroup;
			children = (
				B450D1E3299D5E7600CDEE82 /* Base */,
			);
			name = Main.storyboard;
			sourceTree = "<group>";
		};
		B450D1E7299D5E7700CDEE82 /* LaunchScreen.storyboard */ = {
			isa = PBXVariantGroup;
			children = (
				B450D1E8299D5E7700CDEE82 /* Base */,
			);
			name = LaunchScreen.storyboard;
			sourceTree = "<group>";
		};
/* End PBXVariantGroup section */

/* Begin XCBuildConfiguration section */
		B450D1EB299D5E7700CDEE82 /* Debug */ = {
			isa = XCBuildConfiguration;
			buildSettings = {
				ALWAYS_SEARCH_USER_PATHS = NO;
				CLANG_ANALYZER_NONNULL = YES;
				CLANG_ANALYZER_NUMBER_OBJECT_CONVERSION = YES_AGGRESSIVE;
				CLANG_CXX_LANGUAGE_STANDARD = "gnu++20";
				CLANG_ENABLE_MODULES = YES;
				CLANG_ENABLE_OBJC_ARC = YES;
				CLANG_ENABLE_OBJC_WEAK = YES;
				CLANG_WARN_BLOCK_CAPTURE_AUTORELEASING = YES;
				CLANG_WARN_BOOL_CONVERSION = YES;
				CLANG_WARN_COMMA = YES;
				CLANG_WARN_CONSTANT_CONVERSION = YES;
				CLANG_WARN_DEPRECATED_OBJC_IMPLEMENTATIONS = YES;
				CLANG_WARN_DIRECT_OBJC_ISA_USAGE = YES_ERROR;
				CLANG_WARN_DOCUMENTATION_COMMENTS = YES;
				CLANG_WARN_EMPTY_BODY = YES;
				CLANG_WARN_ENUM_CONVERSION = YES;
				CLANG_WARN_INFINITE_RECURSION = YES;
				CLANG_WARN_INT_CONVERSION = YES;
				CLANG_WARN_NON_LITERAL_NULL_CONVERSION = YES;
				CLANG_WARN_OBJC_IMPLICIT_RETAIN_SELF = YES;
				CLANG_WARN_OBJC_LITERAL_CONVERSION = YES;
				CLANG_WARN_OBJC_ROOT_CLASS = YES_ERROR;
				CLANG_WARN_QUOTED_INCLUDE_IN_FRAMEWORK_HEADER = YES;
				CLANG_WARN_RANGE_LOOP_ANALYSIS = YES;
				CLANG_WARN_STRICT_PROTOTYPES = YES;
				CLANG_WARN_SUSPICIOUS_MOVE = YES;
				CLANG_WARN_UNGUARDED_AVAILABILITY = YES_AGGRESSIVE;
				CLANG_WARN_UNREACHABLE_CODE = YES;
				CLANG_WARN__DUPLICATE_METHOD_MATCH = YES;
				COPY_PHASE_STRIP = NO;
				DEBUG_INFORMATION_FORMAT = dwarf;
				ENABLE_STRICT_OBJC_MSGSEND = YES;
				ENABLE_TESTABILITY = YES;
				GCC_C_LANGUAGE_STANDARD = gnu11;
				GCC_DYNAMIC_NO_PIC = NO;
				GCC_NO_COMMON_BLOCKS = YES;
				GCC_OPTIMIZATION_LEVEL = 0;
				GCC_PREPROCESSOR_DEFINITIONS = (
					"DEBUG=1",
					"$(inherited)",
				);
				GCC_WARN_64_TO_32_BIT_CONVERSION = YES;
				GCC_WARN_ABOUT_RETURN_TYPE = YES_ERROR;
				GCC_WARN_UNDECLARED_SELECTOR = YES;
				GCC_WARN_UNINITIALIZED_AUTOS = YES_AGGRESSIVE;
				GCC_WARN_UNUSED_FUNCTION = YES;
				GCC_WARN_UNUSED_VARIABLE = YES;
				IPHONEOS_DEPLOYMENT_TARGET = 16.2;
				MTL_ENABLE_DEBUG_INFO = INCLUDE_SOURCE;
				MTL_FAST_MATH = YES;
				ONLY_ACTIVE_ARCH = YES;
				SDKROOT = iphoneos;
				SWIFT_ACTIVE_COMPILATION_CONDITIONS = DEBUG;
				SWIFT_OPTIMIZATION_LEVEL = "-Onone";
			};
			name = Debug;
		};
		B450D1EC299D5E7700CDEE82 /* Release */ = {
			isa = XCBuildConfiguration;
			buildSettings = {
				ALWAYS_SEARCH_USER_PATHS = NO;
				CLANG_ANALYZER_NONNULL = YES;
				CLANG_ANALYZER_NUMBER_OBJECT_CONVERSION = YES_AGGRESSIVE;
				CLANG_CXX_LANGUAGE_STANDARD = "gnu++20";
				CLANG_ENABLE_MODULES = YES;
				CLANG_ENABLE_OBJC_ARC = YES;
				CLANG_ENABLE_OBJC_WEAK = YES;
				CLANG_WARN_BLOCK_CAPTURE_AUTORELEASING = YES;
				CLANG_WARN_BOOL_CONVERSION = YES;
				CLANG_WARN_COMMA = YES;
				CLANG_WARN_CONSTANT_CONVERSION = YES;
				CLANG_WARN_DEPRECATED_OBJC_IMPLEMENTATIONS = YES;
				CLANG_WARN_DIRECT_OBJC_ISA_USAGE = YES_ERROR;
				CLANG_WARN_DOCUMENTATION_COMMENTS = YES;
				CLANG_WARN_EMPTY_BODY = YES;
				CLANG_WARN_ENUM_CONVERSION = YES;
				CLANG_WARN_INFINITE_RECURSION = YES;
				CLANG_WARN_INT_CONVERSION = YES;
				CLANG_WARN_NON_LITERAL_NULL_CONVERSION = YES;
				CLANG_WARN_OBJC_IMPLICIT_RETAIN_SELF = YES;
				CLANG_WARN_OBJC_LITERAL_CONVERSION = YES;
				CLANG_WARN_OBJC_ROOT_CLASS = YES_ERROR;
				CLANG_WARN_QUOTED_INCLUDE_IN_FRAMEWORK_HEADER = YES;
				CLANG_WARN_RANGE_LOOP_ANALYSIS = YES;
				CLANG_WARN_STRICT_PROTOTYPES = YES;
				CLANG_WARN_SUSPICIOUS_MOVE = YES;
				CLANG_WARN_UNGUARDED_AVAILABILITY = YES_AGGRESSIVE;
				CLANG_WARN_UNREACHABLE_CODE = YES;
				CLANG_WARN__DUPLICATE_METHOD_MATCH = YES;
				COPY_PHASE_STRIP = NO;
				DEBUG_INFORMATION_FORMAT = "dwarf-with-dsym";
				ENABLE_NS_ASSERTIONS = NO;
				ENABLE_STRICT_OBJC_MSGSEND = YES;
				GCC_C_LANGUAGE_STANDARD = gnu11;
				GCC_NO_COMMON_BLOCKS = YES;
				GCC_WARN_64_TO_32_BIT_CONVERSION = YES;
				GCC_WARN_ABOUT_RETURN_TYPE = YES_ERROR;
				GCC_WARN_UNDECLARED_SELECTOR = YES;
				GCC_WARN_UNINITIALIZED_AUTOS = YES_AGGRESSIVE;
				GCC_WARN_UNUSED_FUNCTION = YES;
				GCC_WARN_UNUSED_VARIABLE = YES;
				IPHONEOS_DEPLOYMENT_TARGET = 16.2;
				MTL_ENABLE_DEBUG_INFO = NO;
				MTL_FAST_MATH = YES;
				SDKROOT = iphoneos;
				SWIFT_COMPILATION_MODE = wholemodule;
				SWIFT_OPTIMIZATION_LEVEL = "-O";
				VALIDATE_PRODUCT = YES;
			};
			name = Release;
		};
		B450D1EE299D5E7700CDEE82 /* Debug */ = {
			isa = XCBuildConfiguration;
			baseConfigurationReference = 465B756973AD02A44BFD45D5 /* Pods-WorkTimer.debug.xcconfig */;
			buildSettings = {
				ASSETCATALOG_COMPILER_APPICON_NAME = AppIcon;
				ASSETCATALOG_COMPILER_GLOBAL_ACCENT_COLOR_NAME = AccentColor;
				CODE_SIGN_STYLE = Automatic;
				CURRENT_PROJECT_VERSION = 1;
				DEVELOPMENT_TEAM = K33GDCK76S;
				GENERATE_INFOPLIST_FILE = YES;
				INFOPLIST_FILE = WorkTimer/Info.plist;
				INFOPLIST_KEY_NSLocationAlwaysAndWhenInUseUsageDescription = "위치정보 제공에 동의하십니까";
				INFOPLIST_KEY_NSLocationWhenInUseUsageDescription = "위치정보 제공에 동의하십니까";
				INFOPLIST_KEY_UIApplicationSupportsIndirectInputEvents = YES;
				INFOPLIST_KEY_UILaunchStoryboardName = LaunchScreen;
				INFOPLIST_KEY_UIMainStoryboardFile = Main;
				INFOPLIST_KEY_UIStatusBarStyle = "";
				INFOPLIST_KEY_UISupportedInterfaceOrientations = UIInterfaceOrientationPortrait;
				INFOPLIST_KEY_UISupportedInterfaceOrientations_iPad = "UIInterfaceOrientationPortrait UIInterfaceOrientationPortraitUpsideDown";
				INFOPLIST_KEY_UIUserInterfaceStyle = Light;
				LD_RUNPATH_SEARCH_PATHS = (
					"$(inherited)",
					"@executable_path/Frameworks",
				);
				MARKETING_VERSION = 1.0;
				PRODUCT_BUNDLE_IDENTIFIER = com.study.WorkTimer;
				PRODUCT_NAME = "$(TARGET_NAME)";
				SWIFT_EMIT_LOC_STRINGS = YES;
				SWIFT_VERSION = 5.0;
				TARGETED_DEVICE_FAMILY = "1,2";
			};
			name = Debug;
		};
		B450D1EF299D5E7700CDEE82 /* Release */ = {
			isa = XCBuildConfiguration;
			baseConfigurationReference = 1FB496D1C3B46E754862C1E6 /* Pods-WorkTimer.release.xcconfig */;
			buildSettings = {
				ASSETCATALOG_COMPILER_APPICON_NAME = AppIcon;
				ASSETCATALOG_COMPILER_GLOBAL_ACCENT_COLOR_NAME = AccentColor;
				CODE_SIGN_STYLE = Automatic;
				CURRENT_PROJECT_VERSION = 1;
				DEVELOPMENT_TEAM = K33GDCK76S;
				GENERATE_INFOPLIST_FILE = YES;
				INFOPLIST_FILE = WorkTimer/Info.plist;
				INFOPLIST_KEY_NSLocationAlwaysAndWhenInUseUsageDescription = "위치정보 제공에 동의하십니까";
				INFOPLIST_KEY_NSLocationWhenInUseUsageDescription = "위치정보 제공에 동의하십니까";
				INFOPLIST_KEY_UIApplicationSupportsIndirectInputEvents = YES;
				INFOPLIST_KEY_UILaunchStoryboardName = LaunchScreen;
				INFOPLIST_KEY_UIMainStoryboardFile = Main;
				INFOPLIST_KEY_UIStatusBarStyle = "";
				INFOPLIST_KEY_UISupportedInterfaceOrientations = UIInterfaceOrientationPortrait;
				INFOPLIST_KEY_UISupportedInterfaceOrientations_iPad = "UIInterfaceOrientationPortrait UIInterfaceOrientationPortraitUpsideDown";
				INFOPLIST_KEY_UIUserInterfaceStyle = Light;
				LD_RUNPATH_SEARCH_PATHS = (
					"$(inherited)",
					"@executable_path/Frameworks",
				);
				MARKETING_VERSION = 1.0;
				PRODUCT_BUNDLE_IDENTIFIER = com.study.WorkTimer;
				PRODUCT_NAME = "$(TARGET_NAME)";
				SWIFT_EMIT_LOC_STRINGS = YES;
				SWIFT_VERSION = 5.0;
				TARGETED_DEVICE_FAMILY = "1,2";
			};
			name = Release;
		};
/* End XCBuildConfiguration section */

/* Begin XCConfigurationList section */
		B450D1D4299D5E7600CDEE82 /* Build configuration list for PBXProject "WorkTimer" */ = {
			isa = XCConfigurationList;
			buildConfigurations = (
				B450D1EB299D5E7700CDEE82 /* Debug */,
				B450D1EC299D5E7700CDEE82 /* Release */,
			);
			defaultConfigurationIsVisible = 0;
			defaultConfigurationName = Release;
		};
		B450D1ED299D5E7700CDEE82 /* Build configuration list for PBXNativeTarget "WorkTimer" */ = {
			isa = XCConfigurationList;
			buildConfigurations = (
				B450D1EE299D5E7700CDEE82 /* Debug */,
				B450D1EF299D5E7700CDEE82 /* Release */,
			);
			defaultConfigurationIsVisible = 0;
			defaultConfigurationName = Release;
		};
/* End XCConfigurationList section */
	};
	rootObject = B450D1D1299D5E7600CDEE82 /* Project object */;
}
